<Solution>
  <Project Path="../WebApi_.Net8/WebApi_.Net8.csproj" Id="b2822639-3034-4316-9556-869cb505feeb" />
  <Project Path="docker-compose.dcproj">
    <Build />
  </Project>
  <Project Path="Prog_part_2/Prog_part_2.csproj" />
  <Project Path="Test2/Test2.csproj" Id="1f78f313-203c-4190-8c76-93d397b76441" />
</Solution>
